
Microsoft Visual Studio Solution File, Format Version 12.00
# Visual Studio Version 16
VisualStudioVersion = 16.0.30011.22
MinimumVisualStudioVersion = 10.0.40219.1
Project("{FAE04EC0-301F-11D3-BF4B-00C04F79EFBC}") = "FirstAspWebApp", "FirstAspWebApp.csproj", "{97D9D7D7-AAC7-4414-9CD0-5771FF90B592}"
EndProject
Global
	GlobalSection(SolutionConfigurationPlatforms) = preSolution
		Debug|Any CPU = Debug|Any CPU
		Release|Any CPU = Release|Any CPU
	EndGlobalSection
	GlobalSection(ProjectConfigurationPlatforms) = postSolution
		{97D9D7D7-AAC7-4414-9CD0-5771FF90B592}.Debug|Any CPU.ActiveCfg = Debug|Any CPU
		{97D9D7D7-AAC7-4414-9CD0-5771FF90B592}.Debug|Any CPU.Build.0 = Debug|Any CPU
		{97D9D7D7-AAC7-4414-9CD0-5771FF90B592}.Release|Any CPU.ActiveCfg = Release|Any CPU
		{97D9D7D7-AAC7-4414-9CD0-5771FF90B592}.Release|Any CPU.Build.0 = Release|Any CPU
	EndGlobalSection
	GlobalSection(SolutionProperties) = preSolution
		HideSolutionNode = FALSE
	EndGlobalSection
	GlobalSection(ExtensibilityGlobals) = postSolution
		SolutionGuid = {48068880-04E2-41BA-BB53-69C1CCAC83CF}
	EndGlobalSection
EndGlobal
